
Microsoft Visual Studio Solution File, Format Version 12.00
# Visual Studio Version 17
VisualStudioVersion = 17.4.33502.350
MinimumVisualStudioVersion = 10.0.40219.1
Project("{9A19103F-16F7-4668-BE54-9A1E7A4F7556}") = "SqsPublisher", "SqsPublisher\SqsPublisher.csproj", "{955845B8-C170-4473-8FCD-F5AE16B0A8E4}"
EndProject
Project("{9A19103F-16F7-4668-BE54-9A1E7A4F7556}") = "SqsConsumer", "SqsConsumer\SqsConsumer.csproj", "{78083728-014A-4F3A-BDC3-403792AD7AE5}"
EndProject
Project("{9A19103F-16F7-4668-BE54-9A1E7A4F7556}") = "Customers.Api", "Customers.Api\Customers.Api.csproj", "{706EE2A1-DC8D-4E07-839F-D2FB66B0ACFE}"
EndProject
Project("{FAE04EC0-301F-11D3-BF4B-00C04F79EFBC}") = "Customers.Consumer", "Customers.Consumer\Customers.Consumer.csproj", "{486B347A-9D17-4D8A-9326-67E8ABC5218B}"
EndProject
Project("{FAE04EC0-301F-11D3-BF4B-00C04F79EFBC}") = "SnsPublisher", "SnsPublisher\SnsPublisher.csproj", "{F2C93BFA-541B-4320-B199-F7665D057D89}"
EndProject
Global
	GlobalSection(SolutionConfigurationPlatforms) = preSolution
		Debug|Any CPU = Debug|Any CPU
		Release|Any CPU = Release|Any CPU
	EndGlobalSection
	GlobalSection(ProjectConfigurationPlatforms) = postSolution
		{955845B8-C170-4473-8FCD-F5AE16B0A8E4}.Debug|Any CPU.ActiveCfg = Debug|Any CPU
		{955845B8-C170-4473-8FCD-F5AE16B0A8E4}.Debug|Any CPU.Build.0 = Debug|Any CPU
		{955845B8-C170-4473-8FCD-F5AE16B0A8E4}.Release|Any CPU.ActiveCfg = Release|Any CPU
		{955845B8-C170-4473-8FCD-F5AE16B0A8E4}.Release|Any CPU.Build.0 = Release|Any CPU
		{78083728-014A-4F3A-BDC3-403792AD7AE5}.Debug|Any CPU.ActiveCfg = Debug|Any CPU
		{78083728-014A-4F3A-BDC3-403792AD7AE5}.Debug|Any CPU.Build.0 = Debug|Any CPU
		{78083728-014A-4F3A-BDC3-403792AD7AE5}.Release|Any CPU.ActiveCfg = Release|Any CPU
		{78083728-014A-4F3A-BDC3-403792AD7AE5}.Release|Any CPU.Build.0 = Release|Any CPU
		{706EE2A1-DC8D-4E07-839F-D2FB66B0ACFE}.Debug|Any CPU.ActiveCfg = Debug|Any CPU
		{706EE2A1-DC8D-4E07-839F-D2FB66B0ACFE}.Debug|Any CPU.Build.0 = Debug|Any CPU
		{706EE2A1-DC8D-4E07-839F-D2FB66B0ACFE}.Release|Any CPU.ActiveCfg = Release|Any CPU
		{706EE2A1-DC8D-4E07-839F-D2FB66B0ACFE}.Release|Any CPU.Build.0 = Release|Any CPU
		{486B347A-9D17-4D8A-9326-67E8ABC5218B}.Debug|Any CPU.ActiveCfg = Debug|Any CPU
		{486B347A-9D17-4D8A-9326-67E8ABC5218B}.Debug|Any CPU.Build.0 = Debug|Any CPU
		{486B347A-9D17-4D8A-9326-67E8ABC5218B}.Release|Any CPU.ActiveCfg = Release|Any CPU
		{486B347A-9D17-4D8A-9326-67E8ABC5218B}.Release|Any CPU.Build.0 = Release|Any CPU
		{F2C93BFA-541B-4320-B199-F7665D057D89}.Debug|Any CPU.ActiveCfg = Debug|Any CPU
		{F2C93BFA-541B-4320-B199-F7665D057D89}.Debug|Any CPU.Build.0 = Debug|Any CPU
		{F2C93BFA-541B-4320-B199-F7665D057D89}.Release|Any CPU.ActiveCfg = Release|Any CPU
		{F2C93BFA-541B-4320-B199-F7665D057D89}.Release|Any CPU.Build.0 = Release|Any CPU
	EndGlobalSection
	GlobalSection(SolutionProperties) = preSolution
		HideSolutionNode = FALSE
	EndGlobalSection
	GlobalSection(ExtensibilityGlobals) = postSolution
		SolutionGuid = {2A374A92-F242-4C62-B41D-CBBAD0EAC113}
	EndGlobalSection
EndGlobal
